
Microsoft Visual Studio Solution File, Format Version 12.00
# Visual Studio Version 17
VisualStudioVersion = 17.3.32804.467
MinimumVisualStudioVersion = 10.0.40219.1
Project("{FAE04EC0-301F-11D3-BF4B-00C04F79EFBC}") = "FutureValue.Presentation", "FutureValue.Presentation\FutureValue.Presentation.csproj", "{36C31A50-29C4-42F7-8AC5-7DC9E1254B3D}"
EndProject
Global
	GlobalSection(SolutionConfigurationPlatforms) = preSolution
		Debug|Any CPU = Debug|Any CPU
		Release|Any CPU = Release|Any CPU
	EndGlobalSection
	GlobalSection(ProjectConfigurationPlatforms) = postSolution
		{36C31A50-29C4-42F7-8AC5-7DC9E1254B3D}.Debug|Any CPU.ActiveCfg = Debug|Any CPU
		{36C31A50-29C4-42F7-8AC5-7DC9E1254B3D}.Debug|Any CPU.Build.0 = Debug|Any CPU
		{36C31A50-29C4-42F7-8AC5-7DC9E1254B3D}.Release|Any CPU.ActiveCfg = Release|Any CPU
		{36C31A50-29C4-42F7-8AC5-7DC9E1254B3D}.Release|Any CPU.Build.0 = Release|Any CPU
	EndGlobalSection
	GlobalSection(SolutionProperties) = preSolution
		HideSolutionNode = FALSE
	EndGlobalSection
	GlobalSection(ExtensibilityGlobals) = postSolution
		SolutionGuid = {27701CF5-66CB-44F4-9915-6C2C66557F10}
	EndGlobalSection
EndGlobal
