
Microsoft Visual Studio Solution File, Format Version 12.00
# Visual Studio Version 17
VisualStudioVersion = 17.3.32804.467
MinimumVisualStudioVersion = 10.0.40219.1
Project("{FAE04EC0-301F-11D3-BF4B-00C04F79EFBC}") = "FutureValue.Angular", "FutureValue.Angular\FutureValue.Angular.csproj", "{C9F272C6-C8F6-4D51-8F37-CDF406E086E8}"
EndProject
Global
	GlobalSection(SolutionConfigurationPlatforms) = preSolution
		Debug|Any CPU = Debug|Any CPU
		Release|Any CPU = Release|Any CPU
	EndGlobalSection
	GlobalSection(ProjectConfigurationPlatforms) = postSolution
		{C9F272C6-C8F6-4D51-8F37-CDF406E086E8}.Debug|Any CPU.ActiveCfg = Debug|Any CPU
		{C9F272C6-C8F6-4D51-8F37-CDF406E086E8}.Debug|Any CPU.Build.0 = Debug|Any CPU
		{C9F272C6-C8F6-4D51-8F37-CDF406E086E8}.Release|Any CPU.ActiveCfg = Release|Any CPU
		{C9F272C6-C8F6-4D51-8F37-CDF406E086E8}.Release|Any CPU.Build.0 = Release|Any CPU
	EndGlobalSection
	GlobalSection(SolutionProperties) = preSolution
		HideSolutionNode = FALSE
	EndGlobalSection
	GlobalSection(ExtensibilityGlobals) = postSolution
		SolutionGuid = {E2B68604-229C-413D-8835-56F38C2E3D1E}
	EndGlobalSection
EndGlobal
