
Microsoft Visual Studio Solution File, Format Version 12.00
# Visual Studio Version 17
VisualStudioVersion = 17.3.32804.467
MinimumVisualStudioVersion = 10.0.40219.1
Project("{9A19103F-16F7-4668-BE54-9A1E7A4F7556}") = "FutureValue.Domain", "FutureValue.Domain\FutureValue.Domain.csproj", "{5B51DC06-A57B-4363-BD13-7C2A20ADC742}"
EndProject
Project("{9A19103F-16F7-4668-BE54-9A1E7A4F7556}") = "FutureValue.Persistence", "FutureValue.Persistence\FutureValue.Persistence.csproj", "{43FA011E-165C-4DA4-8B64-759386BADD77}"
EndProject
Project("{9A19103F-16F7-4668-BE54-9A1E7A4F7556}") = "FutureValue.Persistence.EfImplementation", "FutureValue.Persistence.EfImplementation\FutureValue.Persistence.EfImplementation.csproj", "{F634A782-F3E0-44D8-9E64-FD40A9290A00}"
EndProject
Project("{9A19103F-16F7-4668-BE54-9A1E7A4F7556}") = "FutureValue.Domain.Tests", "FutureValue.Domain.Tests\FutureValue.Domain.Tests.csproj", "{E79336C1-5918-44CA-B25D-5E2848F5FA2E}"
EndProject
Project("{FAE04EC0-301F-11D3-BF4B-00C04F79EFBC}") = "FutureValue.WebApi", "FutureValue.WebApi\FutureValue.WebApi.csproj", "{38979F88-BE13-455C-8FCA-3E04E8E62F77}"
EndProject
Global
	GlobalSection(SolutionConfigurationPlatforms) = preSolution
		Debug|Any CPU = Debug|Any CPU
		Release|Any CPU = Release|Any CPU
	EndGlobalSection
	GlobalSection(ProjectConfigurationPlatforms) = postSolution
		{5B51DC06-A57B-4363-BD13-7C2A20ADC742}.Debug|Any CPU.ActiveCfg = Debug|Any CPU
		{5B51DC06-A57B-4363-BD13-7C2A20ADC742}.Debug|Any CPU.Build.0 = Debug|Any CPU
		{5B51DC06-A57B-4363-BD13-7C2A20ADC742}.Release|Any CPU.ActiveCfg = Release|Any CPU
		{5B51DC06-A57B-4363-BD13-7C2A20ADC742}.Release|Any CPU.Build.0 = Release|Any CPU
		{43FA011E-165C-4DA4-8B64-759386BADD77}.Debug|Any CPU.ActiveCfg = Debug|Any CPU
		{43FA011E-165C-4DA4-8B64-759386BADD77}.Debug|Any CPU.Build.0 = Debug|Any CPU
		{43FA011E-165C-4DA4-8B64-759386BADD77}.Release|Any CPU.ActiveCfg = Release|Any CPU
		{43FA011E-165C-4DA4-8B64-759386BADD77}.Release|Any CPU.Build.0 = Release|Any CPU
		{F634A782-F3E0-44D8-9E64-FD40A9290A00}.Debug|Any CPU.ActiveCfg = Debug|Any CPU
		{F634A782-F3E0-44D8-9E64-FD40A9290A00}.Debug|Any CPU.Build.0 = Debug|Any CPU
		{F634A782-F3E0-44D8-9E64-FD40A9290A00}.Release|Any CPU.ActiveCfg = Release|Any CPU
		{F634A782-F3E0-44D8-9E64-FD40A9290A00}.Release|Any CPU.Build.0 = Release|Any CPU
		{E79336C1-5918-44CA-B25D-5E2848F5FA2E}.Debug|Any CPU.ActiveCfg = Debug|Any CPU
		{E79336C1-5918-44CA-B25D-5E2848F5FA2E}.Debug|Any CPU.Build.0 = Debug|Any CPU
		{E79336C1-5918-44CA-B25D-5E2848F5FA2E}.Release|Any CPU.ActiveCfg = Release|Any CPU
		{E79336C1-5918-44CA-B25D-5E2848F5FA2E}.Release|Any CPU.Build.0 = Release|Any CPU
		{38979F88-BE13-455C-8FCA-3E04E8E62F77}.Debug|Any CPU.ActiveCfg = Debug|Any CPU
		{38979F88-BE13-455C-8FCA-3E04E8E62F77}.Debug|Any CPU.Build.0 = Debug|Any CPU
		{38979F88-BE13-455C-8FCA-3E04E8E62F77}.Release|Any CPU.ActiveCfg = Release|Any CPU
		{38979F88-BE13-455C-8FCA-3E04E8E62F77}.Release|Any CPU.Build.0 = Release|Any CPU
	EndGlobalSection
	GlobalSection(SolutionProperties) = preSolution
		HideSolutionNode = FALSE
	EndGlobalSection
	GlobalSection(ExtensibilityGlobals) = postSolution
		SolutionGuid = {27701CF5-66CB-44F4-9915-6C2C66557F10}
	EndGlobalSection
EndGlobal
